{
    "_readme": [
        "This file locks the dependencies of your project to a known state",
        "Read more about it at https://getcomposer.org/doc/01-basic-usage.md#composer-lock-the-lock-file",
        "This file is @generated automatically"
    ],
    "content-hash": "53ca59dfbb8a6a71450c5007dff4b4c3",
    "packages": [
        {
            "name": "platformsh/symfonyflex-bridge",
            "version": "1.0.0",
            "source": {
                "type": "git",
                "url": "https://github.com/platformsh/symfonyflex-bridge.git",
                "reference": "646cc067e4cd7d69c944b60c437422a78ad74179"
            },
            "dist": {
                "type": "zip",
                "url": "https://api.github.com/repos/platformsh/symfonyflex-bridge/zipball/646cc067e4cd7d69c944b60c437422a78ad74179",
                "reference": "646cc067e4cd7d69c944b60c437422a78ad74179",
                "shasum": ""
            },
            "type": "library",
            "extra": {
                "branch-alias": {
                    "dev-master": "1.0.x-dev"
                }
            },
            "autoload": {
                "files": [
                    "platformsh-flex-env.php"
                ]
            },
            "notification-url": "https://packagist.org/downloads/",
            "license": [
                "MIT"
            ],
            "authors": [
                {
                    "name": "Larry Garfield",
                    "email": "larry@platform.sh"
                }
            ],
            "description": "Bridge library for running Symfony Flex on Platform.sh",
            "time": "2018-01-25T19:09:29+00:00"
        },
        {
            "name": "symfony/dotenv",
            "version": "v3.4.4",
            "source": {
                "type": "git",
                "url": "https://github.com/symfony/dotenv.git",
                "reference": "66265f80c0f585cd6aec3fbdfc4ffdf7a0d75992"
            },
            "dist": {
                "type": "zip",
                "url": "https://api.github.com/repos/symfony/dotenv/zipball/66265f80c0f585cd6aec3fbdfc4ffdf7a0d75992",
                "reference": "66265f80c0f585cd6aec3fbdfc4ffdf7a0d75992",
                "shasum": ""
            },
            "require": {
                "php": "^5.5.9|>=7.0.8"
            },
            "require-dev": {
                "symfony/process": "~3.2|~4.0"
            },
            "type": "library",
            "extra": {
                "branch-alias": {
                    "dev-master": "3.4-dev"
                }
            },
            "autoload": {
                "psr-4": {
                    "Symfony\\Component\\Dotenv\\": ""
                },
                "exclude-from-classmap": [
                    "/Tests/"
                ]
            },
            "notification-url": "https://packagist.org/downloads/",
            "license": [
                "MIT"
            ],
            "authors": [
                {
                    "name": "Fabien Potencier",
                    "email": "fabien@symfony.com"
                },
                {
                    "name": "Symfony Community",
                    "homepage": "https://symfony.com/contributors"
                }
            ],
            "description": "Registers environment variables from a .env file",
            "homepage": "https://symfony.com",
            "keywords": [
                "dotenv",
                "env",
                "environment"
            ],
            "time": "2018-01-03T17:14:19+00:00"
        }
    ],
    "packages-dev": [],
    "aliases": [],
    "minimum-stability": "stable",
    "stability-flags": [],
    "prefer-stable": false,
    "prefer-lowest": false,
    "platform": [],
    "platform-dev": []
}
